// !$*UTF8*$!
{
	archiveVersion = 1;
	classes = {
	};
	objectVersion = 77;
	objects = {

/* Begin PBXBuildFile section */
		A93282EC2E7265CA002C5FBB /* .gitignore in Resources */ = {isa = PBXBuildFile; fileRef = A93282EB2E7265BF002C5FBB /* .gitignore */; };
		A956C02E2E6BF53C00254DD9 /* FirebaseStorage in Frameworks */ = {isa = PBXBuildFile; productRef = A956C02D2E6BF53C00254DD9 /* FirebaseStorage */; };
		A956C0332E6D47B600254DD9 /* SimpleToast in Frameworks */ = {isa = PBXBuildFile; productRef = A956C0322E6D47B600254DD9 /* SimpleToast */; };
		A99BAC1A2E66FB1E003E8475 /* PKHUD in Frameworks */ = {isa = PBXBuildFile; productRef = A99BAC192E66FB1E003E8475 /* PKHUD */; };
		A99BAC232E684B4E003E8475 /* SwiftSoup in Frameworks */ = {isa = PBXBuildFile; productRef = A99BAC222E684B4E003E8475 /* SwiftSoup */; };
		A9DF90092E56BC940018F7E2 /* FirebaseFirestore in Frameworks */ = {isa = PBXBuildFile; productRef = A9DF90082E56BC940018F7E2 /* FirebaseFirestore */; };
/* End PBXBuildFile section */

/* Begin PBXContainerItemProxy section */
		A9CCC7662E38C2A000D03538 /* PBXContainerItemProxy */ = {
			isa = PBXContainerItemProxy;
			containerPortal = A9CCC74D2E38C29E00D03538 /* Project object */;
			proxyType = 1;
			remoteGlobalIDString = A9CCC7542E38C29E00D03538;
			remoteInfo = "artifacts analyzer admin app";
		};
		A9CCC7702E38C2A000D03538 /* PBXContainerItemProxy */ = {
			isa = PBXContainerItemProxy;
			containerPortal = A9CCC74D2E38C29E00D03538 /* Project object */;
			proxyType = 1;
			remoteGlobalIDString = A9CCC7542E38C29E00D03538;
			remoteInfo = "artifacts analyzer admin app";
		};
/* End PBXContainerItemProxy section */

/* Begin PBXFileReference section */
		A93282EB2E7265BF002C5FBB /* .gitignore */ = {isa = PBXFileReference; lastKnownFileType = text; path = .gitignore; sourceTree = "<group>"; };
		A9CCC7552E38C29E00D03538 /* artifacts analyzer admin app.app */ = {isa = PBXFileReference; explicitFileType = wrapper.application; includeInIndex = 0; path = "artifacts analyzer admin app.app"; sourceTree = BUILT_PRODUCTS_DIR; };
		A9CCC7652E38C2A000D03538 /* artifacts analyzer admin appTests.xctest */ = {isa = PBXFileReference; explicitFileType = wrapper.cfbundle; includeInIndex = 0; path = "artifacts analyzer admin appTests.xctest"; sourceTree = BUILT_PRODUCTS_DIR; };
		A9CCC76F2E38C2A000D03538 /* artifacts analyzer admin appUITests.xctest */ = {isa = PBXFileReference; explicitFileType = wrapper.cfbundle; includeInIndex = 0; path = "artifacts analyzer admin appUITests.xctest"; sourceTree = BUILT_PRODUCTS_DIR; };
/* End PBXFileReference section */

/* Begin PBXFileSystemSynchronizedRootGroup section */
		A9CCC7572E38C29E00D03538 /* artifacts analyzer admin app */ = {
			isa = PBXFileSystemSynchronizedRootGroup;
			path = "artifacts analyzer admin app";
			sourceTree = "<group>";
		};
		A9CCC7682E38C2A000D03538 /* artifacts analyzer admin appTests */ = {
			isa = PBXFileSystemSynchronizedRootGroup;
			path = "artifacts analyzer admin appTests";
			sourceTree = "<group>";
		};
		A9CCC7722E38C2A000D03538 /* artifacts analyzer admin appUITests */ = {
			isa = PBXFileSystemSynchronizedRootGroup;
			path = "artifacts analyzer admin appUITests";
			sourceTree = "<group>";
		};
/* End PBXFileSystemSynchronizedRootGroup section */

/* Begin PBXFrameworksBuildPhase section */
		A9CCC7522E38C29E00D03538 /* Frameworks */ = {
			isa = PBXFrameworksBuildPhase;
			buildActionMask = 2147483647;
			files = (
				A9DF90092E56BC940018F7E2 /* FirebaseFirestore in Frameworks */,
				A956C02E2E6BF53C00254DD9 /* FirebaseStorage in Frameworks */,
				A99BAC1A2E66FB1E003E8475 /* PKHUD in Frameworks */,
				A99BAC232E684B4E003E8475 /* SwiftSoup in Frameworks */,
				A956C0332E6D47B600254DD9 /* SimpleToast in Frameworks */,
			);
			runOnlyForDeploymentPostprocessing = 0;
		};
		A9CCC7622E38C2A000D03538 /* Frameworks */ = {
			isa = PBXFrameworksBuildPhase;
			buildActionMask = 2147483647;
			files = (
			);
			runOnlyForDeploymentPostprocessing = 0;
		};
		A9CCC76C2E38C2A000D03538 /* Frameworks */ = {
			isa = PBXFrameworksBuildPhase;
			buildActionMask = 2147483647;
			files = (
			);
			runOnlyForDeploymentPostprocessing = 0;
		};
/* End PBXFrameworksBuildPhase section */

/* Begin PBXGroup section */
		A9CCC74C2E38C29E00D03538 = {
			isa = PBXGroup;
			children = (
				A93282EB2E7265BF002C5FBB /* .gitignore */,
				A9CCC7572E38C29E00D03538 /* artifacts analyzer admin app */,
				A9CCC7682E38C2A000D03538 /* artifacts analyzer admin appTests */,
				A9CCC7722E38C2A000D03538 /* artifacts analyzer admin appUITests */,
				A9DF90072E56BC940018F7E2 /* Frameworks */,
				A9CCC7562E38C29E00D03538 /* Products */,
			);
			sourceTree = "<group>";
		};
		A9CCC7562E38C29E00D03538 /* Products */ = {
			isa = PBXGroup;
			children = (
				A9CCC7552E38C29E00D03538 /* artifacts analyzer admin app.app */,
				A9CCC7652E38C2A000D03538 /* artifacts analyzer admin appTests.xctest */,
				A9CCC76F2E38C2A000D03538 /* artifacts analyzer admin appUITests.xctest */,
			);
			name = Products;
			sourceTree = "<group>";
		};
		A9DF90072E56BC940018F7E2 /* Frameworks */ = {
			isa = PBXGroup;
			children = (
			);
			name = Frameworks;
			sourceTree = "<group>";
		};
/* End PBXGroup section */

/* Begin PBXNativeTarget section */
		A9CCC7542E38C29E00D03538 /* artifacts analyzer admin app */ = {
			isa = PBXNativeTarget;
			buildConfigurationList = A9CCC7792E38C2A000D03538 /* Build configuration list for PBXNativeTarget "artifacts analyzer admin app" */;
			buildPhases = (
				A9CCC7512E38C29E00D03538 /* Sources */,
				A9CCC7522E38C29E00D03538 /* Frameworks */,
				A9CCC7532E38C29E00D03538 /* Resources */,
			);
			buildRules = (
			);
			dependencies = (
			);
			fileSystemSynchronizedGroups = (
				A9CCC7572E38C29E00D03538 /* artifacts analyzer admin app */,
			);
			name = "artifacts analyzer admin app";
			packageProductDependencies = (
				A9DF90082E56BC940018F7E2 /* FirebaseFirestore */,
				A99BAC192E66FB1E003E8475 /* PKHUD */,
				A99BAC222E684B4E003E8475 /* SwiftSoup */,
				A956C02D2E6BF53C00254DD9 /* FirebaseStorage */,
				A956C0322E6D47B600254DD9 /* SimpleToast */,
			);
			productName = "artifacts analyzer admin app";
			productReference = A9CCC7552E38C29E00D03538 /* artifacts analyzer admin app.app */;
			productType = "com.apple.product-type.application";
		};
		A9CCC7642E38C2A000D03538 /* artifacts analyzer admin appTests */ = {
			isa = PBXNativeTarget;
			buildConfigurationList = A9CCC77C2E38C2A000D03538 /* Build configuration list for PBXNativeTarget "artifacts analyzer admin appTests" */;
			buildPhases = (
				A9CCC7612E38C2A000D03538 /* Sources */,
				A9CCC7622E38C2A000D03538 /* Frameworks */,
				A9CCC7632E38C2A000D03538 /* Resources */,
			);
			buildRules = (
			);
			dependencies = (
				A9CCC7672E38C2A000D03538 /* PBXTargetDependency */,
			);
			fileSystemSynchronizedGroups = (
				A9CCC7682E38C2A000D03538 /* artifacts analyzer admin appTests */,
			);
			name = "artifacts analyzer admin appTests";
			packageProductDependencies = (
			);
			productName = "artifacts analyzer admin appTests";
			productReference = A9CCC7652E38C2A000D03538 /* artifacts analyzer admin appTests.xctest */;
			productType = "com.apple.product-type.bundle.unit-test";
		};
		A9CCC76E2E38C2A000D03538 /* artifacts analyzer admin appUITests */ = {
			isa = PBXNativeTarget;
			buildConfigurationList = A9CCC77F2E38C2A000D03538 /* Build configuration list for PBXNativeTarget "artifacts analyzer admin appUITests" */;
			buildPhases = (
				A9CCC76B2E38C2A000D03538 /* Sources */,
				A9CCC76C2E38C2A000D03538 /* Frameworks */,
				A9CCC76D2E38C2A000D03538 /* Resources */,
			);
			buildRules = (
			);
			dependencies = (
				A9CCC7712E38C2A000D03538 /* PBXTargetDependency */,
			);
			fileSystemSynchronizedGroups = (
				A9CCC7722E38C2A000D03538 /* artifacts analyzer admin appUITests */,
			);
			name = "artifacts analyzer admin appUITests";
			packageProductDependencies = (
			);
			productName = "artifacts analyzer admin appUITests";
			productReference = A9CCC76F2E38C2A000D03538 /* artifacts analyzer admin appUITests.xctest */;
			productType = "com.apple.product-type.bundle.ui-testing";
		};
/* End PBXNativeTarget section */

/* Begin PBXProject section */
		A9CCC74D2E38C29E00D03538 /* Project object */ = {
			isa = PBXProject;
			attributes = {
				BuildIndependentTargetsInParallel = 1;
				LastSwiftUpdateCheck = 1620;
				LastUpgradeCheck = 1620;
				TargetAttributes = {
					A9CCC7542E38C29E00D03538 = {
						CreatedOnToolsVersion = 16.2;
					};
					A9CCC7642E38C2A000D03538 = {
						CreatedOnToolsVersion = 16.2;
						TestTargetID = A9CCC7542E38C29E00D03538;
					};
					A9CCC76E2E38C2A000D03538 = {
						CreatedOnToolsVersion = 16.2;
						TestTargetID = A9CCC7542E38C29E00D03538;
					};
				};
			};
			buildConfigurationList = A9CCC7502E38C29E00D03538 /* Build configuration list for PBXProject "artifacts analyzer admin app" */;
			developmentRegion = en;
			hasScannedForEncodings = 0;
			knownRegions = (
				en,
				Base,
			);
			mainGroup = A9CCC74C2E38C29E00D03538;
			minimizedProjectReferenceProxies = 1;
			packageReferences = (
				A9DF8FFD2E5488280018F7E2 /* XCRemoteSwiftPackageReference "firebase-ios-sdk" */,
				A9DF903E2E66F7B00018F7E2 /* XCRemoteSwiftPackageReference "PKHUD" */,
				A99BAC212E684B4E003E8475 /* XCRemoteSwiftPackageReference "SwiftSoup" */,
				A956C0312E6D478D00254DD9 /* XCRemoteSwiftPackageReference "SimpleToast" */,
			);
			preferredProjectObjectVersion = 77;
			productRefGroup = A9CCC7562E38C29E00D03538 /* Products */;
			projectDirPath = "";
			projectRoot = "";
			targets = (
				A9CCC7542E38C29E00D03538 /* artifacts analyzer admin app */,
				A9CCC7642E38C2A000D03538 /* artifacts analyzer admin appTests */,
				A9CCC76E2E38C2A000D03538 /* artifacts analyzer admin appUITests */,
			);
		};
/* End PBXProject section */

/* Begin PBXResourcesBuildPhase section */
		A9CCC7532E38C29E00D03538 /* Resources */ = {
			isa = PBXResourcesBuildPhase;
			buildActionMask = 2147483647;
			files = (
				A93282EC2E7265CA002C5FBB /* .gitignore in Resources */,
			);
			runOnlyForDeploymentPostprocessing = 0;
		};
		A9CCC7632E38C2A000D03538 /* Resources */ = {
			isa = PBXResourcesBuildPhase;
			buildActionMask = 2147483647;
			files = (
			);
			runOnlyForDeploymentPostprocessing = 0;
		};
		A9CCC76D2E38C2A000D03538 /* Resources */ = {
			isa = PBXResourcesBuildPhase;
			buildActionMask = 2147483647;
			files = (
			);
			runOnlyForDeploymentPostprocessing = 0;
		};
/* End PBXResourcesBuildPhase section */

/* Begin PBXSourcesBuildPhase section */
		A9CCC7512E38C29E00D03538 /* Sources */ = {
			isa = PBXSourcesBuildPhase;
			buildActionMask = 2147483647;
			files = (
			);
			runOnlyForDeploymentPostprocessing = 0;
		};
		A9CCC7612E38C2A000D03538 /* Sources */ = {
			isa = PBXSourcesBuildPhase;
			buildActionMask = 2147483647;
			files = (
			);
			runOnlyForDeploymentPostprocessing = 0;
		};
		A9CCC76B2E38C2A000D03538 /* Sources */ = {
			isa = PBXSourcesBuildPhase;
			buildActionMask = 2147483647;
			files = (
			);
			runOnlyForDeploymentPostprocessing = 0;
		};
/* End PBXSourcesBuildPhase section */

/* Begin PBXTargetDependency section */
		A9CCC7672E38C2A000D03538 /* PBXTargetDependency */ = {
			isa = PBXTargetDependency;
			target = A9CCC7542E38C29E00D03538 /* artifacts analyzer admin app */;
			targetProxy = A9CCC7662E38C2A000D03538 /* PBXContainerItemProxy */;
		};
		A9CCC7712E38C2A000D03538 /* PBXTargetDependency */ = {
			isa = PBXTargetDependency;
			target = A9CCC7542E38C29E00D03538 /* artifacts analyzer admin app */;
			targetProxy = A9CCC7702E38C2A000D03538 /* PBXContainerItemProxy */;
		};
/* End PBXTargetDependency section */

/* Begin XCBuildConfiguration section */
		A9CCC7772E38C2A000D03538 /* Debug */ = {
			isa = XCBuildConfiguration;
			buildSettings = {
				ALWAYS_SEARCH_USER_PATHS = NO;
				ASSETCATALOG_COMPILER_GENERATE_SWIFT_ASSET_SYMBOL_EXTENSIONS = YES;
				CLANG_ANALYZER_NONNULL = YES;
				CLANG_ANALYZER_NUMBER_OBJECT_CONVERSION = YES_AGGRESSIVE;
				CLANG_CXX_LANGUAGE_STANDARD = "gnu++20";
				CLANG_ENABLE_MODULES = YES;
				CLANG_ENABLE_OBJC_ARC = YES;
				CLANG_ENABLE_OBJC_WEAK = YES;
				CLANG_WARN_BLOCK_CAPTURE_AUTORELEASING = YES;
				CLANG_WARN_BOOL_CONVERSION = YES;
				CLANG_WARN_COMMA = YES;
				CLANG_WARN_CONSTANT_CONVERSION = YES;
				CLANG_WARN_DEPRECATED_OBJC_IMPLEMENTATIONS = YES;
				CLANG_WARN_DIRECT_OBJC_ISA_USAGE = YES_ERROR;
				CLANG_WARN_DOCUMENTATION_COMMENTS = YES;
				CLANG_WARN_EMPTY_BODY = YES;
				CLANG_WARN_ENUM_CONVERSION = YES;
				CLANG_WARN_INFINITE_RECURSION = YES;
				CLANG_WARN_INT_CONVERSION = YES;
				CLANG_WARN_NON_LITERAL_NULL_CONVERSION = YES;
				CLANG_WARN_OBJC_IMPLICIT_RETAIN_SELF = YES;
				CLANG_WARN_OBJC_LITERAL_CONVERSION = YES;
				CLANG_WARN_OBJC_ROOT_CLASS = YES_ERROR;
				CLANG_WARN_QUOTED_INCLUDE_IN_FRAMEWORK_HEADER = YES;
				CLANG_WARN_RANGE_LOOP_ANALYSIS = YES;
				CLANG_WARN_STRICT_PROTOTYPES = YES;
				CLANG_WARN_SUSPICIOUS_MOVE = YES;
				CLANG_WARN_UNGUARDED_AVAILABILITY = YES_AGGRESSIVE;
				CLANG_WARN_UNREACHABLE_CODE = YES;
				CLANG_WARN__DUPLICATE_METHOD_MATCH = YES;
				COPY_PHASE_STRIP = NO;
				DEBUG_INFORMATION_FORMAT = dwarf;
				ENABLE_STRICT_OBJC_MSGSEND = YES;
				ENABLE_TESTABILITY = YES;
				ENABLE_USER_SCRIPT_SANDBOXING = YES;
				GCC_C_LANGUAGE_STANDARD = gnu17;
				GCC_DYNAMIC_NO_PIC = NO;
				GCC_NO_COMMON_BLOCKS = YES;
				GCC_OPTIMIZATION_LEVEL = 0;
				GCC_PREPROCESSOR_DEFINITIONS = (
					"DEBUG=1",
					"$(inherited)",
				);
				GCC_WARN_64_TO_32_BIT_CONVERSION = YES;
				GCC_WARN_ABOUT_RETURN_TYPE = YES_ERROR;
				GCC_WARN_UNDECLARED_SELECTOR = YES;
				GCC_WARN_UNINITIALIZED_AUTOS = YES_AGGRESSIVE;
				GCC_WARN_UNUSED_FUNCTION = YES;
				GCC_WARN_UNUSED_VARIABLE = YES;
				IPHONEOS_DEPLOYMENT_TARGET = 18.2;
				LOCALIZATION_PREFERS_STRING_CATALOGS = YES;
				MTL_ENABLE_DEBUG_INFO = INCLUDE_SOURCE;
				MTL_FAST_MATH = YES;
				ONLY_ACTIVE_ARCH = YES;
				SDKROOT = iphoneos;
				SWIFT_ACTIVE_COMPILATION_CONDITIONS = "DEBUG $(inherited)";
				SWIFT_OPTIMIZATION_LEVEL = "-Onone";
			};
			name = Debug;
		};
		A9CCC7782E38C2A000D03538 /* Release */ = {
			isa = XCBuildConfiguration;
			buildSettings = {
				ALWAYS_SEARCH_USER_PATHS = NO;
				ASSETCATALOG_COMPILER_GENERATE_SWIFT_ASSET_SYMBOL_EXTENSIONS = YES;
				CLANG_ANALYZER_NONNULL = YES;
				CLANG_ANALYZER_NUMBER_OBJECT_CONVERSION = YES_AGGRESSIVE;
				CLANG_CXX_LANGUAGE_STANDARD = "gnu++20";
				CLANG_ENABLE_MODULES = YES;
				CLANG_ENABLE_OBJC_ARC = YES;
				CLANG_ENABLE_OBJC_WEAK = YES;
				CLANG_WARN_BLOCK_CAPTURE_AUTORELEASING = YES;
				CLANG_WARN_BOOL_CONVERSION = YES;
				CLANG_WARN_COMMA = YES;
				CLANG_WARN_CONSTANT_CONVERSION = YES;
				CLANG_WARN_DEPRECATED_OBJC_IMPLEMENTATIONS = YES;
				CLANG_WARN_DIRECT_OBJC_ISA_USAGE = YES_ERROR;
				CLANG_WARN_DOCUMENTATION_COMMENTS = YES;
				CLANG_WARN_EMPTY_BODY = YES;
				CLANG_WARN_ENUM_CONVERSION = YES;
				CLANG_WARN_INFINITE_RECURSION = YES;
				CLANG_WARN_INT_CONVERSION = YES;
				CLANG_WARN_NON_LITERAL_NULL_CONVERSION = YES;
				CLANG_WARN_OBJC_IMPLICIT_RETAIN_SELF = YES;
				CLANG_WARN_OBJC_LITERAL_CONVERSION = YES;
				CLANG_WARN_OBJC_ROOT_CLASS = YES_ERROR;
				CLANG_WARN_QUOTED_INCLUDE_IN_FRAMEWORK_HEADER = YES;
				CLANG_WARN_RANGE_LOOP_ANALYSIS = YES;
				CLANG_WARN_STRICT_PROTOTYPES = YES;
				CLANG_WARN_SUSPICIOUS_MOVE = YES;
				CLANG_WARN_UNGUARDED_AVAILABILITY = YES_AGGRESSIVE;
				CLANG_WARN_UNREACHABLE_CODE = YES;
				CLANG_WARN__DUPLICATE_METHOD_MATCH = YES;
				COPY_PHASE_STRIP = NO;
				DEBUG_INFORMATION_FORMAT = "dwarf-with-dsym";
				ENABLE_NS_ASSERTIONS = NO;
				ENABLE_STRICT_OBJC_MSGSEND = YES;
				ENABLE_USER_SCRIPT_SANDBOXING = YES;
				GCC_C_LANGUAGE_STANDARD = gnu17;
				GCC_NO_COMMON_BLOCKS = YES;
				GCC_WARN_64_TO_32_BIT_CONVERSION = YES;
				GCC_WARN_ABOUT_RETURN_TYPE = YES_ERROR;
				GCC_WARN_UNDECLARED_SELECTOR = YES;
				GCC_WARN_UNINITIALIZED_AUTOS = YES_AGGRESSIVE;
				GCC_WARN_UNUSED_FUNCTION = YES;
				GCC_WARN_UNUSED_VARIABLE = YES;
				IPHONEOS_DEPLOYMENT_TARGET = 18.2;
				LOCALIZATION_PREFERS_STRING_CATALOGS = YES;
				MTL_ENABLE_DEBUG_INFO = NO;
				MTL_FAST_MATH = YES;
				SDKROOT = iphoneos;
				SWIFT_COMPILATION_MODE = wholemodule;
				VALIDATE_PRODUCT = YES;
			};
			name = Release;
		};
		A9CCC77A2E38C2A000D03538 /* Debug */ = {
			isa = XCBuildConfiguration;
			buildSettings = {
				ASSETCATALOG_COMPILER_APPICON_NAME = AppIcon;
				ASSETCATALOG_COMPILER_GLOBAL_ACCENT_COLOR_NAME = AccentColor;
				CODE_SIGN_STYLE = Automatic;
				CURRENT_PROJECT_VERSION = 1;
				DEVELOPMENT_ASSET_PATHS = "\"artifacts analyzer admin app/Preview Content\"";
				DEVELOPMENT_TEAM = FR5AJYC8NZ;
				ENABLE_PREVIEWS = YES;
				GENERATE_INFOPLIST_FILE = YES;
				INFOPLIST_KEY_UIApplicationSceneManifest_Generation = YES;
				INFOPLIST_KEY_UIApplicationSupportsIndirectInputEvents = YES;
				INFOPLIST_KEY_UILaunchScreen_Generation = YES;
				INFOPLIST_KEY_UISupportedInterfaceOrientations_iPad = "UIInterfaceOrientationPortrait UIInterfaceOrientationPortraitUpsideDown UIInterfaceOrientationLandscapeLeft UIInterfaceOrientationLandscapeRight";
				INFOPLIST_KEY_UISupportedInterfaceOrientations_iPhone = "UIInterfaceOrientationPortrait UIInterfaceOrientationLandscapeLeft UIInterfaceOrientationLandscapeRight";
				IPHONEOS_DEPLOYMENT_TARGET = 17.4;
				LD_RUNPATH_SEARCH_PATHS = (
					"$(inherited)",
					"@executable_path/Frameworks",
				);
				MARKETING_VERSION = 1.0;
				PRODUCT_BUNDLE_IDENTIFIER = "com.genshin.artifacts-analyzer-admin-app";
				PRODUCT_NAME = "$(TARGET_NAME)";
				SWIFT_EMIT_LOC_STRINGS = YES;
				SWIFT_VERSION = 5.0;
				TARGETED_DEVICE_FAMILY = "1,2";
			};
			name = Debug;
		};
		A9CCC77B2E38C2A000D03538 /* Release */ = {
			isa = XCBuildConfiguration;
			buildSettings = {
				ASSETCATALOG_COMPILER_APPICON_NAME = AppIcon;
				ASSETCATALOG_COMPILER_GLOBAL_ACCENT_COLOR_NAME = AccentColor;
				CODE_SIGN_STYLE = Automatic;
				CURRENT_PROJECT_VERSION = 1;
				DEVELOPMENT_ASSET_PATHS = "\"artifacts analyzer admin app/Preview Content\"";
				DEVELOPMENT_TEAM = FR5AJYC8NZ;
				ENABLE_PREVIEWS = YES;
				GENERATE_INFOPLIST_FILE = YES;
				INFOPLIST_KEY_UIApplicationSceneManifest_Generation = YES;
				INFOPLIST_KEY_UIApplicationSupportsIndirectInputEvents = YES;
				INFOPLIST_KEY_UILaunchScreen_Generation = YES;
				INFOPLIST_KEY_UISupportedInterfaceOrientations_iPad = "UIInterfaceOrientationPortrait UIInterfaceOrientationPortraitUpsideDown UIInterfaceOrientationLandscapeLeft UIInterfaceOrientationLandscapeRight";
				INFOPLIST_KEY_UISupportedInterfaceOrientations_iPhone = "UIInterfaceOrientationPortrait UIInterfaceOrientationLandscapeLeft UIInterfaceOrientationLandscapeRight";
				IPHONEOS_DEPLOYMENT_TARGET = 17.4;
				LD_RUNPATH_SEARCH_PATHS = (
					"$(inherited)",
					"@executable_path/Frameworks",
				);
				MARKETING_VERSION = 1.0;
				PRODUCT_BUNDLE_IDENTIFIER = "com.genshin.artifacts-analyzer-admin-app";
				PRODUCT_NAME = "$(TARGET_NAME)";
				SWIFT_EMIT_LOC_STRINGS = YES;
				SWIFT_VERSION = 5.0;
				TARGETED_DEVICE_FAMILY = "1,2";
			};
			name = Release;
		};
		A9CCC77D2E38C2A000D03538 /* Debug */ = {
			isa = XCBuildConfiguration;
			buildSettings = {
				BUNDLE_LOADER = "$(TEST_HOST)";
				CODE_SIGN_STYLE = Automatic;
				CURRENT_PROJECT_VERSION = 1;
				GENERATE_INFOPLIST_FILE = YES;
				IPHONEOS_DEPLOYMENT_TARGET = 18.2;
				MARKETING_VERSION = 1.0;
				PRODUCT_BUNDLE_IDENTIFIER = "com.genshin.artifacts-analyzer-admin-appTests";
				PRODUCT_NAME = "$(TARGET_NAME)";
				SWIFT_EMIT_LOC_STRINGS = NO;
				SWIFT_VERSION = 5.0;
				TARGETED_DEVICE_FAMILY = "1,2";
				TEST_HOST = "$(BUILT_PRODUCTS_DIR)/artifacts analyzer admin app.app/$(BUNDLE_EXECUTABLE_FOLDER_PATH)/artifacts analyzer admin app";
			};
			name = Debug;
		};
		A9CCC77E2E38C2A000D03538 /* Release */ = {
			isa = XCBuildConfiguration;
			buildSettings = {
				BUNDLE_LOADER = "$(TEST_HOST)";
				CODE_SIGN_STYLE = Automatic;
				CURRENT_PROJECT_VERSION = 1;
				GENERATE_INFOPLIST_FILE = YES;
				IPHONEOS_DEPLOYMENT_TARGET = 18.2;
				MARKETING_VERSION = 1.0;
				PRODUCT_BUNDLE_IDENTIFIER = "com.genshin.artifacts-analyzer-admin-appTests";
				PRODUCT_NAME = "$(TARGET_NAME)";
				SWIFT_EMIT_LOC_STRINGS = NO;
				SWIFT_VERSION = 5.0;
				TARGETED_DEVICE_FAMILY = "1,2";
				TEST_HOST = "$(BUILT_PRODUCTS_DIR)/artifacts analyzer admin app.app/$(BUNDLE_EXECUTABLE_FOLDER_PATH)/artifacts analyzer admin app";
			};
			name = Release;
		};
		A9CCC7802E38C2A000D03538 /* Debug */ = {
			isa = XCBuildConfiguration;
			buildSettings = {
				CODE_SIGN_STYLE = Automatic;
				CURRENT_PROJECT_VERSION = 1;
				GENERATE_INFOPLIST_FILE = YES;
				MARKETING_VERSION = 1.0;
				PRODUCT_BUNDLE_IDENTIFIER = "com.genshin.artifacts-analyzer-admin-appUITests";
				PRODUCT_NAME = "$(TARGET_NAME)";
				SWIFT_EMIT_LOC_STRINGS = NO;
				SWIFT_VERSION = 5.0;
				TARGETED_DEVICE_FAMILY = "1,2";
				TEST_TARGET_NAME = "artifacts analyzer admin app";
			};
			name = Debug;
		};
		A9CCC7812E38C2A000D03538 /* Release */ = {
			isa = XCBuildConfiguration;
			buildSettings = {
				CODE_SIGN_STYLE = Automatic;
				CURRENT_PROJECT_VERSION = 1;
				GENERATE_INFOPLIST_FILE = YES;
				MARKETING_VERSION = 1.0;
				PRODUCT_BUNDLE_IDENTIFIER = "com.genshin.artifacts-analyzer-admin-appUITests";
				PRODUCT_NAME = "$(TARGET_NAME)";
				SWIFT_EMIT_LOC_STRINGS = NO;
				SWIFT_VERSION = 5.0;
				TARGETED_DEVICE_FAMILY = "1,2";
				TEST_TARGET_NAME = "artifacts analyzer admin app";
			};
			name = Release;
		};
/* End XCBuildConfiguration section */

/* Begin XCConfigurationList section */
		A9CCC7502E38C29E00D03538 /* Build configuration list for PBXProject "artifacts analyzer admin app" */ = {
			isa = XCConfigurationList;
			buildConfigurations = (
				A9CCC7772E38C2A000D03538 /* Debug */,
				A9CCC7782E38C2A000D03538 /* Release */,
			);
			defaultConfigurationIsVisible = 0;
			defaultConfigurationName = Release;
		};
		A9CCC7792E38C2A000D03538 /* Build configuration list for PBXNativeTarget "artifacts analyzer admin app" */ = {
			isa = XCConfigurationList;
			buildConfigurations = (
				A9CCC77A2E38C2A000D03538 /* Debug */,
				A9CCC77B2E38C2A000D03538 /* Release */,
			);
			defaultConfigurationIsVisible = 0;
			defaultConfigurationName = Release;
		};
		A9CCC77C2E38C2A000D03538 /* Build configuration list for PBXNativeTarget "artifacts analyzer admin appTests" */ = {
			isa = XCConfigurationList;
			buildConfigurations = (
				A9CCC77D2E38C2A000D03538 /* Debug */,
				A9CCC77E2E38C2A000D03538 /* Release */,
			);
			defaultConfigurationIsVisible = 0;
			defaultConfigurationName = Release;
		};
		A9CCC77F2E38C2A000D03538 /* Build configuration list for PBXNativeTarget "artifacts analyzer admin appUITests" */ = {
			isa = XCConfigurationList;
			buildConfigurations = (
				A9CCC7802E38C2A000D03538 /* Debug */,
				A9CCC7812E38C2A000D03538 /* Release */,
			);
			defaultConfigurationIsVisible = 0;
			defaultConfigurationName = Release;
		};
/* End XCConfigurationList section */

/* Begin XCRemoteSwiftPackageReference section */
		A956C0312E6D478D00254DD9 /* XCRemoteSwiftPackageReference "SimpleToast" */ = {
			isa = XCRemoteSwiftPackageReference;
			repositoryURL = "https://github.com/sanzaru/SimpleToast.git";
			requirement = {
				kind = upToNextMajorVersion;
				minimumVersion = 0.11.0;
			};
		};
		A99BAC212E684B4E003E8475 /* XCRemoteSwiftPackageReference "SwiftSoup" */ = {
			isa = XCRemoteSwiftPackageReference;
			repositoryURL = "https://github.com/scinfu/SwiftSoup.git";
			requirement = {
				kind = upToNextMajorVersion;
				minimumVersion = 2.11.0;
			};
		};
		A9DF8FFD2E5488280018F7E2 /* XCRemoteSwiftPackageReference "firebase-ios-sdk" */ = {
			isa = XCRemoteSwiftPackageReference;
			repositoryURL = "https://github.com/firebase/firebase-ios-sdk";
			requirement = {
				kind = upToNextMajorVersion;
				minimumVersion = 12.1.0;
			};
		};
		A9DF903E2E66F7B00018F7E2 /* XCRemoteSwiftPackageReference "PKHUD" */ = {
			isa = XCRemoteSwiftPackageReference;
			repositoryURL = "https://github.com/pkluz/PKHUD";
			requirement = {
				kind = upToNextMajorVersion;
				minimumVersion = 5.4.0;
			};
		};
/* End XCRemoteSwiftPackageReference section */

/* Begin XCSwiftPackageProductDependency section */
		A956C02D2E6BF53C00254DD9 /* FirebaseStorage */ = {
			isa = XCSwiftPackageProductDependency;
			package = A9DF8FFD2E5488280018F7E2 /* XCRemoteSwiftPackageReference "firebase-ios-sdk" */;
			productName = FirebaseStorage;
		};
		A956C0322E6D47B600254DD9 /* SimpleToast */ = {
			isa = XCSwiftPackageProductDependency;
			package = A956C0312E6D478D00254DD9 /* XCRemoteSwiftPackageReference "SimpleToast" */;
			productName = SimpleToast;
		};
		A99BAC192E66FB1E003E8475 /* PKHUD */ = {
			isa = XCSwiftPackageProductDependency;
			package = A9DF903E2E66F7B00018F7E2 /* XCRemoteSwiftPackageReference "PKHUD" */;
			productName = PKHUD;
		};
		A99BAC222E684B4E003E8475 /* SwiftSoup */ = {
			isa = XCSwiftPackageProductDependency;
			package = A99BAC212E684B4E003E8475 /* XCRemoteSwiftPackageReference "SwiftSoup" */;
			productName = SwiftSoup;
		};
		A9DF90082E56BC940018F7E2 /* FirebaseFirestore */ = {
			isa = XCSwiftPackageProductDependency;
			package = A9DF8FFD2E5488280018F7E2 /* XCRemoteSwiftPackageReference "firebase-ios-sdk" */;
			productName = FirebaseFirestore;
		};
/* End XCSwiftPackageProductDependency section */
	};
	rootObject = A9CCC74D2E38C29E00D03538 /* Project object */;
}
